
Microsoft Visual Studio Solution File, Format Version 12.00
# Visual Studio 14
VisualStudioVersion = 14.0.25420.1
MinimumVisualStudioVersion = 10.0.40219.1
Project("{FAE04EC0-301F-11D3-BF4B-00C04F79EFBC}") = "Aplikacija", "Aplikacija\Aplikacija.csproj", "{522F291E-B792-4A23-ACFD-96E3087F9615}"
EndProject
Project("{FAE04EC0-301F-11D3-BF4B-00C04F79EFBC}") = "Aplikacija.Core", "Aplikacija.Core\Aplikacija.Core.csproj", "{47F25385-189F-49C4-831F-189114778724}"
EndProject
Project("{FAE04EC0-301F-11D3-BF4B-00C04F79EFBC}") = "Aplikacija.Infrastructure", "Aplikacija.Infrastructure\Aplikacija.Infrastructure.csproj", "{C7FEB62C-0834-41D1-9BEE-64FB0E28C20B}"
EndProject
Global
	GlobalSection(SolutionConfigurationPlatforms) = preSolution
		Debug|Any CPU = Debug|Any CPU
		Release|Any CPU = Release|Any CPU
	EndGlobalSection
	GlobalSection(ProjectConfigurationPlatforms) = postSolution
		{522F291E-B792-4A23-ACFD-96E3087F9615}.Debug|Any CPU.ActiveCfg = Debug|Any CPU
		{522F291E-B792-4A23-ACFD-96E3087F9615}.Debug|Any CPU.Build.0 = Debug|Any CPU
		{522F291E-B792-4A23-ACFD-96E3087F9615}.Release|Any CPU.ActiveCfg = Release|Any CPU
		{522F291E-B792-4A23-ACFD-96E3087F9615}.Release|Any CPU.Build.0 = Release|Any CPU
		{47F25385-189F-49C4-831F-189114778724}.Debug|Any CPU.ActiveCfg = Debug|Any CPU
		{47F25385-189F-49C4-831F-189114778724}.Debug|Any CPU.Build.0 = Debug|Any CPU
		{47F25385-189F-49C4-831F-189114778724}.Release|Any CPU.ActiveCfg = Release|Any CPU
		{47F25385-189F-49C4-831F-189114778724}.Release|Any CPU.Build.0 = Release|Any CPU
		{C7FEB62C-0834-41D1-9BEE-64FB0E28C20B}.Debug|Any CPU.ActiveCfg = Debug|Any CPU
		{C7FEB62C-0834-41D1-9BEE-64FB0E28C20B}.Debug|Any CPU.Build.0 = Debug|Any CPU
		{C7FEB62C-0834-41D1-9BEE-64FB0E28C20B}.Release|Any CPU.ActiveCfg = Release|Any CPU
		{C7FEB62C-0834-41D1-9BEE-64FB0E28C20B}.Release|Any CPU.Build.0 = Release|Any CPU
	EndGlobalSection
	GlobalSection(SolutionProperties) = preSolution
		HideSolutionNode = FALSE
	EndGlobalSection
EndGlobal
